// !$*UTF8*$!
{
	archiveVersion = 1;
	classes = {
	};
	objectVersion = 56;
	objects = {

/* Begin PBXBuildFile section */
		B13DCACF2A3B41FD00772FBE /* CoreDataKalangoApp.swift in Sources */ = {isa = PBXBuildFile; fileRef = B13DCACE2A3B41FD00772FBE /* CoreDataKalangoApp.swift */; };
		B13DCAD12A3B41FD00772FBE /* ContentView.swift in Sources */ = {isa = PBXBuildFile; fileRef = B13DCAD02A3B41FD00772FBE /* ContentView.swift */; };
		B13DCAD32A3B41FE00772FBE /* Assets.xcassets in Resources */ = {isa = PBXBuildFile; fileRef = B13DCAD22A3B41FE00772FBE /* Assets.xcassets */; };
		B13DCAD62A3B41FE00772FBE /* Preview Assets.xcassets in Resources */ = {isa = PBXBuildFile; fileRef = B13DCAD52A3B41FE00772FBE /* Preview Assets.xcassets */; };
		B13DCAD82A3B41FE00772FBE /* Persistence.swift in Sources */ = {isa = PBXBuildFile; fileRef = B13DCAD72A3B41FE00772FBE /* Persistence.swift */; };
		B13DCADB2A3B41FE00772FBE /* CoreDataKalango.xcdatamodeld in Sources */ = {isa = PBXBuildFile; fileRef = B13DCAD92A3B41FE00772FBE /* CoreDataKalango.xcdatamodeld */; };
/* End PBXBuildFile section */

/* Begin PBXFileReference section */
		B13DCACB2A3B41FD00772FBE /* CoreDataKalango.app */ = {isa = PBXFileReference; explicitFileType = wrapper.application; includeInIndex = 0; path = CoreDataKalango.app; sourceTree = BUILT_PRODUCTS_DIR; };
		B13DCACE2A3B41FD00772FBE /* CoreDataKalangoApp.swift */ = {isa = PBXFileReference; lastKnownFileType = sourcecode.swift; path = CoreDataKalangoApp.swift; sourceTree = "<group>"; };
		B13DCAD02A3B41FD00772FBE /* ContentView.swift */ = {isa = PBXFileReference; lastKnownFileType = sourcecode.swift; path = ContentView.swift; sourceTree = "<group>"; };
		B13DCAD22A3B41FE00772FBE /* Assets.xcassets */ = {isa = PBXFileReference; lastKnownFileType = folder.assetcatalog; path = Assets.xcassets; sourceTree = "<group>"; };
		B13DCAD52A3B41FE00772FBE /* Preview Assets.xcassets */ = {isa = PBXFileReference; lastKnownFileType = folder.assetcatalog; path = "Preview Assets.xcassets"; sourceTree = "<group>"; };
		B13DCAD72A3B41FE00772FBE /* Persistence.swift */ = {isa = PBXFileReference; lastKnownFileType = sourcecode.swift; path = Persistence.swift; sourceTree = "<group>"; };
		B13DCADA2A3B41FE00772FBE /* CoreDataKalango.xcdatamodel */ = {isa = PBXFileReference; lastKnownFileType = wrapper.xcdatamodel; path = CoreDataKalango.xcdatamodel; sourceTree = "<group>"; };
/* End PBXFileReference section */

/* Begin PBXFrameworksBuildPhase section */
		B13DCAC82A3B41FD00772FBE /* Frameworks */ = {
			isa = PBXFrameworksBuildPhase;
			buildActionMask = 2147483647;
			files = (
			);
			runOnlyForDeploymentPostprocessing = 0;
		};
/* End PBXFrameworksBuildPhase section */

/* Begin PBXGroup section */
		B13DCAC22A3B41FD00772FBE = {
			isa = PBXGroup;
			children = (
				B13DCACD2A3B41FD00772FBE /* CoreDataKalango */,
				B13DCACC2A3B41FD00772FBE /* Products */,
			);
			sourceTree = "<group>";
		};
		B13DCACC2A3B41FD00772FBE /* Products */ = {
			isa = PBXGroup;
			children = (
				B13DCACB2A3B41FD00772FBE /* CoreDataKalango.app */,
			);
			name = Products;
			sourceTree = "<group>";
		};
		B13DCACD2A3B41FD00772FBE /* CoreDataKalango */ = {
			isa = PBXGroup;
			children = (
				B13DCACE2A3B41FD00772FBE /* CoreDataKalangoApp.swift */,
				B13DCAD02A3B41FD00772FBE /* ContentView.swift */,
				B13DCAD22A3B41FE00772FBE /* Assets.xcassets */,
				B13DCAD72A3B41FE00772FBE /* Persistence.swift */,
				B13DCAD92A3B41FE00772FBE /* CoreDataKalango.xcdatamodeld */,
				B13DCAD42A3B41FE00772FBE /* Preview Content */,
			);
			path = CoreDataKalango;
			sourceTree = "<group>";
		};
		B13DCAD42A3B41FE00772FBE /* Preview Content */ = {
			isa = PBXGroup;
			children = (
				B13DCAD52A3B41FE00772FBE /* Preview Assets.xcassets */,
			);
			path = "Preview Content";
			sourceTree = "<group>";
		};
/* End PBXGroup section */

/* Begin PBXNativeTarget section */
		B13DCACA2A3B41FD00772FBE /* CoreDataKalango */ = {
			isa = PBXNativeTarget;
			buildConfigurationList = B13DCADE2A3B41FE00772FBE /* Build configuration list for PBXNativeTarget "CoreDataKalango" */;
			buildPhases = (
				B13DCAC72A3B41FD00772FBE /* Sources */,
				B13DCAC82A3B41FD00772FBE /* Frameworks */,
				B13DCAC92A3B41FD00772FBE /* Resources */,
			);
			buildRules = (
			);
			dependencies = (
			);
			name = CoreDataKalango;
			productName = CoreDataKalango;
			productReference = B13DCACB2A3B41FD00772FBE /* CoreDataKalango.app */;
			productType = "com.apple.product-type.application";
		};
/* End PBXNativeTarget section */

/* Begin PBXProject section */
		B13DCAC32A3B41FD00772FBE /* Project object */ = {
			isa = PBXProject;
			attributes = {
				BuildIndependentTargetsInParallel = 1;
				LastSwiftUpdateCheck = 1430;
				LastUpgradeCheck = 1430;
				TargetAttributes = {
					B13DCACA2A3B41FD00772FBE = {
						CreatedOnToolsVersion = 14.3;
					};
				};
			};
			buildConfigurationList = B13DCAC62A3B41FD00772FBE /* Build configuration list for PBXProject "CoreDataKalango" */;
			compatibilityVersion = "Xcode 14.0";
			developmentRegion = en;
			hasScannedForEncodings = 0;
			knownRegions = (
				en,
				Base,
			);
			mainGroup = B13DCAC22A3B41FD00772FBE;
			productRefGroup = B13DCACC2A3B41FD00772FBE /* Products */;
			projectDirPath = "";
			projectRoot = "";
			targets = (
				B13DCACA2A3B41FD00772FBE /* CoreDataKalango */,
			);
		};
/* End PBXProject section */

/* Begin PBXResourcesBuildPhase section */
		B13DCAC92A3B41FD00772FBE /* Resources */ = {
			isa = PBXResourcesBuildPhase;
			buildActionMask = 2147483647;
			files = (
				B13DCAD62A3B41FE00772FBE /* Preview Assets.xcassets in Resources */,
				B13DCAD32A3B41FE00772FBE /* Assets.xcassets in Resources */,
			);
			runOnlyForDeploymentPostprocessing = 0;
		};
/* End PBXResourcesBuildPhase section */

/* Begin PBXSourcesBuildPhase section */
		B13DCAC72A3B41FD00772FBE /* Sources */ = {
			isa = PBXSourcesBuildPhase;
			buildActionMask = 2147483647;
			files = (
				B13DCADB2A3B41FE00772FBE /* CoreDataKalango.xcdatamodeld in Sources */,
				B13DCAD82A3B41FE00772FBE /* Persistence.swift in Sources */,
				B13DCAD12A3B41FD00772FBE /* ContentView.swift in Sources */,
				B13DCACF2A3B41FD00772FBE /* CoreDataKalangoApp.swift in Sources */,
			);
			runOnlyForDeploymentPostprocessing = 0;
		};
/* End PBXSourcesBuildPhase section */

/* Begin XCBuildConfiguration section */
		B13DCADC2A3B41FE00772FBE /* Debug */ = {
			isa = XCBuildConfiguration;
			buildSettings = {
				ALWAYS_SEARCH_USER_PATHS = NO;
				CLANG_ANALYZER_NONNULL = YES;
				CLANG_ANALYZER_NUMBER_OBJECT_CONVERSION = YES_AGGRESSIVE;
				CLANG_CXX_LANGUAGE_STANDARD = "gnu++20";
				CLANG_ENABLE_MODULES = YES;
				CLANG_ENABLE_OBJC_ARC = YES;
				CLANG_ENABLE_OBJC_WEAK = YES;
				CLANG_WARN_BLOCK_CAPTURE_AUTORELEASING = YES;
				CLANG_WARN_BOOL_CONVERSION = YES;
				CLANG_WARN_COMMA = YES;
				CLANG_WARN_CONSTANT_CONVERSION = YES;
				CLANG_WARN_DEPRECATED_OBJC_IMPLEMENTATIONS = YES;
				CLANG_WARN_DIRECT_OBJC_ISA_USAGE = YES_ERROR;
				CLANG_WARN_DOCUMENTATION_COMMENTS = YES;
				CLANG_WARN_EMPTY_BODY = YES;
				CLANG_WARN_ENUM_CONVERSION = YES;
				CLANG_WARN_INFINITE_RECURSION = YES;
				CLANG_WARN_INT_CONVERSION = YES;
				CLANG_WARN_NON_LITERAL_NULL_CONVERSION = YES;
				CLANG_WARN_OBJC_IMPLICIT_RETAIN_SELF = YES;
				CLANG_WARN_OBJC_LITERAL_CONVERSION = YES;
				CLANG_WARN_OBJC_ROOT_CLASS = YES_ERROR;
				CLANG_WARN_QUOTED_INCLUDE_IN_FRAMEWORK_HEADER = YES;
				CLANG_WARN_RANGE_LOOP_ANALYSIS = YES;
				CLANG_WARN_STRICT_PROTOTYPES = YES;
				CLANG_WARN_SUSPICIOUS_MOVE = YES;
				CLANG_WARN_UNGUARDED_AVAILABILITY = YES_AGGRESSIVE;
				CLANG_WARN_UNREACHABLE_CODE = YES;
				CLANG_WARN__DUPLICATE_METHOD_MATCH = YES;
				COPY_PHASE_STRIP = NO;
				DEBUG_INFORMATION_FORMAT = dwarf;
				ENABLE_STRICT_OBJC_MSGSEND = YES;
				ENABLE_TESTABILITY = YES;
				GCC_C_LANGUAGE_STANDARD = gnu11;
				GCC_DYNAMIC_NO_PIC = NO;
				GCC_NO_COMMON_BLOCKS = YES;
				GCC_OPTIMIZATION_LEVEL = 0;
				GCC_PREPROCESSOR_DEFINITIONS = (
					"DEBUG=1",
					"$(inherited)",
				);
				GCC_WARN_64_TO_32_BIT_CONVERSION = YES;
				GCC_WARN_ABOUT_RETURN_TYPE = YES_ERROR;
				GCC_WARN_UNDECLARED_SELECTOR = YES;
				GCC_WARN_UNINITIALIZED_AUTOS = YES_AGGRESSIVE;
				GCC_WARN_UNUSED_FUNCTION = YES;
				GCC_WARN_UNUSED_VARIABLE = YES;
				IPHONEOS_DEPLOYMENT_TARGET = 16.4;
				MTL_ENABLE_DEBUG_INFO = INCLUDE_SOURCE;
				MTL_FAST_MATH = YES;
				ONLY_ACTIVE_ARCH = YES;
				SDKROOT = iphoneos;
				SWIFT_ACTIVE_COMPILATION_CONDITIONS = DEBUG;
				SWIFT_OPTIMIZATION_LEVEL = "-Onone";
			};
			name = Debug;
		};
		B13DCADD2A3B41FE00772FBE /* Release */ = {
			isa = XCBuildConfiguration;
			buildSettings = {
				ALWAYS_SEARCH_USER_PATHS = NO;
				CLANG_ANALYZER_NONNULL = YES;
				CLANG_ANALYZER_NUMBER_OBJECT_CONVERSION = YES_AGGRESSIVE;
				CLANG_CXX_LANGUAGE_STANDARD = "gnu++20";
				CLANG_ENABLE_MODULES = YES;
				CLANG_ENABLE_OBJC_ARC = YES;
				CLANG_ENABLE_OBJC_WEAK = YES;
				CLANG_WARN_BLOCK_CAPTURE_AUTORELEASING = YES;
				CLANG_WARN_BOOL_CONVERSION = YES;
				CLANG_WARN_COMMA = YES;
				CLANG_WARN_CONSTANT_CONVERSION = YES;
				CLANG_WARN_DEPRECATED_OBJC_IMPLEMENTATIONS = YES;
				CLANG_WARN_DIRECT_OBJC_ISA_USAGE = YES_ERROR;
				CLANG_WARN_DOCUMENTATION_COMMENTS = YES;
				CLANG_WARN_EMPTY_BODY = YES;
				CLANG_WARN_ENUM_CONVERSION = YES;
				CLANG_WARN_INFINITE_RECURSION = YES;
				CLANG_WARN_INT_CONVERSION = YES;
				CLANG_WARN_NON_LITERAL_NULL_CONVERSION = YES;
				CLANG_WARN_OBJC_IMPLICIT_RETAIN_SELF = YES;
				CLANG_WARN_OBJC_LITERAL_CONVERSION = YES;
				CLANG_WARN_OBJC_ROOT_CLASS = YES_ERROR;
				CLANG_WARN_QUOTED_INCLUDE_IN_FRAMEWORK_HEADER = YES;
				CLANG_WARN_RANGE_LOOP_ANALYSIS = YES;
				CLANG_WARN_STRICT_PROTOTYPES = YES;
				CLANG_WARN_SUSPICIOUS_MOVE = YES;
				CLANG_WARN_UNGUARDED_AVAILABILITY = YES_AGGRESSIVE;
				CLANG_WARN_UNREACHABLE_CODE = YES;
				CLANG_WARN__DUPLICATE_METHOD_MATCH = YES;
				COPY_PHASE_STRIP = NO;
				DEBUG_INFORMATION_FORMAT = "dwarf-with-dsym";
				ENABLE_NS_ASSERTIONS = NO;
				ENABLE_STRICT_OBJC_MSGSEND = YES;
				GCC_C_LANGUAGE_STANDARD = gnu11;
				GCC_NO_COMMON_BLOCKS = YES;
				GCC_WARN_64_TO_32_BIT_CONVERSION = YES;
				GCC_WARN_ABOUT_RETURN_TYPE = YES_ERROR;
				GCC_WARN_UNDECLARED_SELECTOR = YES;
				GCC_WARN_UNINITIALIZED_AUTOS = YES_AGGRESSIVE;
				GCC_WARN_UNUSED_FUNCTION = YES;
				GCC_WARN_UNUSED_VARIABLE = YES;
				IPHONEOS_DEPLOYMENT_TARGET = 16.4;
				MTL_ENABLE_DEBUG_INFO = NO;
				MTL_FAST_MATH = YES;
				SDKROOT = iphoneos;
				SWIFT_COMPILATION_MODE = wholemodule;
				SWIFT_OPTIMIZATION_LEVEL = "-O";
				VALIDATE_PRODUCT = YES;
			};
			name = Release;
		};
		B13DCADF2A3B41FE00772FBE /* Debug */ = {
			isa = XCBuildConfiguration;
			buildSettings = {
				ASSETCATALOG_COMPILER_APPICON_NAME = AppIcon;
				ASSETCATALOG_COMPILER_GLOBAL_ACCENT_COLOR_NAME = AccentColor;
				CODE_SIGN_STYLE = Automatic;
				CURRENT_PROJECT_VERSION = 1;
				DEVELOPMENT_ASSET_PATHS = "\"CoreDataKalango/Preview Content\"";
				DEVELOPMENT_TEAM = DUY76YA587;
				ENABLE_PREVIEWS = YES;
				GENERATE_INFOPLIST_FILE = YES;
				INFOPLIST_KEY_UIApplicationSceneManifest_Generation = YES;
				INFOPLIST_KEY_UIApplicationSupportsIndirectInputEvents = YES;
				INFOPLIST_KEY_UILaunchScreen_Generation = YES;
				INFOPLIST_KEY_UISupportedInterfaceOrientations_iPad = "UIInterfaceOrientationPortrait UIInterfaceOrientationPortraitUpsideDown UIInterfaceOrientationLandscapeLeft UIInterfaceOrientationLandscapeRight";
				INFOPLIST_KEY_UISupportedInterfaceOrientations_iPhone = "UIInterfaceOrientationPortrait UIInterfaceOrientationLandscapeLeft UIInterfaceOrientationLandscapeRight";
				LD_RUNPATH_SEARCH_PATHS = (
					"$(inherited)",
					"@executable_path/Frameworks",
				);
				MARKETING_VERSION = 1.0;
				PRODUCT_BUNDLE_IDENTIFIER = AppleAcademy.CoreDataKalango;
				PRODUCT_NAME = "$(TARGET_NAME)";
				SWIFT_EMIT_LOC_STRINGS = YES;
				SWIFT_VERSION = 5.0;
				TARGETED_DEVICE_FAMILY = "1,2";
			};
			name = Debug;
		};
		B13DCAE02A3B41FE00772FBE /* Release */ = {
			isa = XCBuildConfiguration;
			buildSettings = {
				ASSETCATALOG_COMPILER_APPICON_NAME = AppIcon;
				ASSETCATALOG_COMPILER_GLOBAL_ACCENT_COLOR_NAME = AccentColor;
				CODE_SIGN_STYLE = Automatic;
				CURRENT_PROJECT_VERSION = 1;
				DEVELOPMENT_ASSET_PATHS = "\"CoreDataKalango/Preview Content\"";
				DEVELOPMENT_TEAM = DUY76YA587;
				ENABLE_PREVIEWS = YES;
				GENERATE_INFOPLIST_FILE = YES;
				INFOPLIST_KEY_UIApplicationSceneManifest_Generation = YES;
				INFOPLIST_KEY_UIApplicationSupportsIndirectInputEvents = YES;
				INFOPLIST_KEY_UILaunchScreen_Generation = YES;
				INFOPLIST_KEY_UISupportedInterfaceOrientations_iPad = "UIInterfaceOrientationPortrait UIInterfaceOrientationPortraitUpsideDown UIInterfaceOrientationLandscapeLeft UIInterfaceOrientationLandscapeRight";
				INFOPLIST_KEY_UISupportedInterfaceOrientations_iPhone = "UIInterfaceOrientationPortrait UIInterfaceOrientationLandscapeLeft UIInterfaceOrientationLandscapeRight";
				LD_RUNPATH_SEARCH_PATHS = (
					"$(inherited)",
					"@executable_path/Frameworks",
				);
				MARKETING_VERSION = 1.0;
				PRODUCT_BUNDLE_IDENTIFIER = AppleAcademy.CoreDataKalango;
				PRODUCT_NAME = "$(TARGET_NAME)";
				SWIFT_EMIT_LOC_STRINGS = YES;
				SWIFT_VERSION = 5.0;
				TARGETED_DEVICE_FAMILY = "1,2";
			};
			name = Release;
		};
/* End XCBuildConfiguration section */

/* Begin XCConfigurationList section */
		B13DCAC62A3B41FD00772FBE /* Build configuration list for PBXProject "CoreDataKalango" */ = {
			isa = XCConfigurationList;
			buildConfigurations = (
				B13DCADC2A3B41FE00772FBE /* Debug */,
				B13DCADD2A3B41FE00772FBE /* Release */,
			);
			defaultConfigurationIsVisible = 0;
			defaultConfigurationName = Release;
		};
		B13DCADE2A3B41FE00772FBE /* Build configuration list for PBXNativeTarget "CoreDataKalango" */ = {
			isa = XCConfigurationList;
			buildConfigurations = (
				B13DCADF2A3B41FE00772FBE /* Debug */,
				B13DCAE02A3B41FE00772FBE /* Release */,
			);
			defaultConfigurationIsVisible = 0;
			defaultConfigurationName = Release;
		};
/* End XCConfigurationList section */

/* Begin XCVersionGroup section */
		B13DCAD92A3B41FE00772FBE /* CoreDataKalango.xcdatamodeld */ = {
			isa = XCVersionGroup;
			children = (
				B13DCADA2A3B41FE00772FBE /* CoreDataKalango.xcdatamodel */,
			);
			currentVersion = B13DCADA2A3B41FE00772FBE /* CoreDataKalango.xcdatamodel */;
			path = CoreDataKalango.xcdatamodeld;
			sourceTree = "<group>";
			versionGroupType = wrapper.xcdatamodel;
		};
/* End XCVersionGroup section */
	};
	rootObject = B13DCAC32A3B41FD00772FBE /* Project object */;
}
