// !$*UTF8*$!
{
	archiveVersion = 1;
	classes = {
	};
	objectVersion = 56;
	objects = {

/* Begin PBXBuildFile section */
		B1249B972A3D19CB00B5CD08 /* ListViewModel.swift in Sources */ = {isa = PBXBuildFile; fileRef = B1249B962A3D19CB00B5CD08 /* ListViewModel.swift */; };
		B1249B992A3D1D4200B5CD08 /* AddViewModel.swift in Sources */ = {isa = PBXBuildFile; fileRef = B1249B982A3D1D4200B5CD08 /* AddViewModel.swift */; };
		B1249B9B2A3D1F2200B5CD08 /* InfoViewModel.swift in Sources */ = {isa = PBXBuildFile; fileRef = B1249B9A2A3D1F2200B5CD08 /* InfoViewModel.swift */; };
		B1249B9D2A3D1FB900B5CD08 /* EditViewModel.swift in Sources */ = {isa = PBXBuildFile; fileRef = B1249B9C2A3D1FB900B5CD08 /* EditViewModel.swift */; };
		B13DCACF2A3B41FD00772FBE /* CoreDataPetApp.swift in Sources */ = {isa = PBXBuildFile; fileRef = B13DCACE2A3B41FD00772FBE /* CoreDataPetApp.swift */; };
		B13DCAD12A3B41FD00772FBE /* ListView.swift in Sources */ = {isa = PBXBuildFile; fileRef = B13DCAD02A3B41FD00772FBE /* ListView.swift */; };
		B13DCAD32A3B41FE00772FBE /* Assets.xcassets in Resources */ = {isa = PBXBuildFile; fileRef = B13DCAD22A3B41FE00772FBE /* Assets.xcassets */; };
		B13DCAD62A3B41FE00772FBE /* Preview Assets.xcassets in Resources */ = {isa = PBXBuildFile; fileRef = B13DCAD52A3B41FE00772FBE /* Preview Assets.xcassets */; };
		B13DCADB2A3B41FE00772FBE /* CoreDataPet.xcdatamodeld in Sources */ = {isa = PBXBuildFile; fileRef = B13DCAD92A3B41FE00772FBE /* CoreDataPet.xcdatamodeld */; };
		B13DCAE62A3B42ED00772FBE /* Gender.swift in Sources */ = {isa = PBXBuildFile; fileRef = B13DCAE52A3B42ED00772FBE /* Gender.swift */; };
		B13DCAEB2A3B518000772FBE /* CoreDataManager.swift in Sources */ = {isa = PBXBuildFile; fileRef = B13DCAEA2A3B518000772FBE /* CoreDataManager.swift */; };
		B15863BD2A3BC7B300EB851E /* ImagePicker.swift in Sources */ = {isa = PBXBuildFile; fileRef = B15863BC2A3BC7B300EB851E /* ImagePicker.swift */; };
		B15863BF2A3BD3B300EB851E /* AddView.swift in Sources */ = {isa = PBXBuildFile; fileRef = B15863BE2A3BD3B300EB851E /* AddView.swift */; };
		B160ED5F2A3CBDEB008AC668 /* Specie.swift in Sources */ = {isa = PBXBuildFile; fileRef = B160ED5E2A3CBDEB008AC668 /* Specie.swift */; };
		B160ED622A3CBE17008AC668 /* Pet+CoreDataClass.swift in Sources */ = {isa = PBXBuildFile; fileRef = B160ED602A3CBE17008AC668 /* Pet+CoreDataClass.swift */; };
		B160ED632A3CBE17008AC668 /* Pet+CoreDataProperties.swift in Sources */ = {isa = PBXBuildFile; fileRef = B160ED612A3CBE17008AC668 /* Pet+CoreDataProperties.swift */; };
		B160ED662A3CEF5D008AC668 /* InfoView.swift in Sources */ = {isa = PBXBuildFile; fileRef = B160ED652A3CEF5D008AC668 /* InfoView.swift */; };
		B160ED682A3CF0ED008AC668 /* EditView.swift in Sources */ = {isa = PBXBuildFile; fileRef = B160ED672A3CF0ED008AC668 /* EditView.swift */; };
/* End PBXBuildFile section */

/* Begin PBXFileReference section */
		B1249B962A3D19CB00B5CD08 /* ListViewModel.swift */ = {isa = PBXFileReference; lastKnownFileType = sourcecode.swift; path = ListViewModel.swift; sourceTree = "<group>"; };
		B1249B982A3D1D4200B5CD08 /* AddViewModel.swift */ = {isa = PBXFileReference; lastKnownFileType = sourcecode.swift; path = AddViewModel.swift; sourceTree = "<group>"; };
		B1249B9A2A3D1F2200B5CD08 /* InfoViewModel.swift */ = {isa = PBXFileReference; lastKnownFileType = sourcecode.swift; path = InfoViewModel.swift; sourceTree = "<group>"; };
		B1249B9C2A3D1FB900B5CD08 /* EditViewModel.swift */ = {isa = PBXFileReference; lastKnownFileType = sourcecode.swift; path = EditViewModel.swift; sourceTree = "<group>"; };
		B13DCACB2A3B41FD00772FBE /* CoreDataKalango.app */ = {isa = PBXFileReference; explicitFileType = wrapper.application; includeInIndex = 0; path = CoreDataKalango.app; sourceTree = BUILT_PRODUCTS_DIR; };
		B13DCACE2A3B41FD00772FBE /* CoreDataPetApp.swift */ = {isa = PBXFileReference; lastKnownFileType = sourcecode.swift; path = CoreDataPetApp.swift; sourceTree = "<group>"; };
		B13DCAD02A3B41FD00772FBE /* ListView.swift */ = {isa = PBXFileReference; lastKnownFileType = sourcecode.swift; path = ListView.swift; sourceTree = "<group>"; };
		B13DCAD22A3B41FE00772FBE /* Assets.xcassets */ = {isa = PBXFileReference; lastKnownFileType = folder.assetcatalog; path = Assets.xcassets; sourceTree = "<group>"; };
		B13DCAD52A3B41FE00772FBE /* Preview Assets.xcassets */ = {isa = PBXFileReference; lastKnownFileType = folder.assetcatalog; path = "Preview Assets.xcassets"; sourceTree = "<group>"; };
		B13DCADA2A3B41FE00772FBE /* CoreDataKalango.xcdatamodel */ = {isa = PBXFileReference; lastKnownFileType = wrapper.xcdatamodel; path = CoreDataKalango.xcdatamodel; sourceTree = "<group>"; };
		B13DCAE52A3B42ED00772FBE /* Gender.swift */ = {isa = PBXFileReference; lastKnownFileType = sourcecode.swift; path = Gender.swift; sourceTree = "<group>"; };
		B13DCAEA2A3B518000772FBE /* CoreDataManager.swift */ = {isa = PBXFileReference; lastKnownFileType = sourcecode.swift; path = CoreDataManager.swift; sourceTree = "<group>"; };
		B15863BC2A3BC7B300EB851E /* ImagePicker.swift */ = {isa = PBXFileReference; lastKnownFileType = sourcecode.swift; path = ImagePicker.swift; sourceTree = "<group>"; };
		B15863BE2A3BD3B300EB851E /* AddView.swift */ = {isa = PBXFileReference; lastKnownFileType = sourcecode.swift; path = AddView.swift; sourceTree = "<group>"; };
		B160ED5E2A3CBDEB008AC668 /* Specie.swift */ = {isa = PBXFileReference; lastKnownFileType = sourcecode.swift; path = Specie.swift; sourceTree = "<group>"; };
		B160ED602A3CBE17008AC668 /* Pet+CoreDataClass.swift */ = {isa = PBXFileReference; lastKnownFileType = sourcecode.swift; path = "Pet+CoreDataClass.swift"; sourceTree = "<group>"; };
		B160ED612A3CBE17008AC668 /* Pet+CoreDataProperties.swift */ = {isa = PBXFileReference; lastKnownFileType = sourcecode.swift; path = "Pet+CoreDataProperties.swift"; sourceTree = "<group>"; };
		B160ED652A3CEF5D008AC668 /* InfoView.swift */ = {isa = PBXFileReference; lastKnownFileType = sourcecode.swift; path = InfoView.swift; sourceTree = "<group>"; };
		B160ED672A3CF0ED008AC668 /* EditView.swift */ = {isa = PBXFileReference; lastKnownFileType = sourcecode.swift; path = EditView.swift; sourceTree = "<group>"; };
/* End PBXFileReference section */

/* Begin PBXFrameworksBuildPhase section */
		B13DCAC82A3B41FD00772FBE /* Frameworks */ = {
			isa = PBXFrameworksBuildPhase;
			buildActionMask = 2147483647;
			files = (
			);
			runOnlyForDeploymentPostprocessing = 0;
		};
/* End PBXFrameworksBuildPhase section */

/* Begin PBXGroup section */
		B1249B952A3D19B600B5CD08 /* ViewModels */ = {
			isa = PBXGroup;
			children = (
				B1249B962A3D19CB00B5CD08 /* ListViewModel.swift */,
				B1249B982A3D1D4200B5CD08 /* AddViewModel.swift */,
				B1249B9C2A3D1FB900B5CD08 /* EditViewModel.swift */,
				B1249B9A2A3D1F2200B5CD08 /* InfoViewModel.swift */,
			);
			path = ViewModels;
			sourceTree = "<group>";
		};
		B13DCAC22A3B41FD00772FBE = {
			isa = PBXGroup;
			children = (
				B13DCACD2A3B41FD00772FBE /* CoreDataPet */,
				B13DCACC2A3B41FD00772FBE /* Products */,
			);
			sourceTree = "<group>";
		};
		B13DCACC2A3B41FD00772FBE /* Products */ = {
			isa = PBXGroup;
			children = (
				B13DCACB2A3B41FD00772FBE /* CoreDataKalango.app */,
			);
			name = Products;
			sourceTree = "<group>";
		};
		B13DCACD2A3B41FD00772FBE /* CoreDataPet */ = {
			isa = PBXGroup;
			children = (
				B15863BA2A3BC77F00EB851E /* Resources */,
				B1249B952A3D19B600B5CD08 /* ViewModels */,
				B15863B92A3BC76D00EB851E /* Views */,
				B13DCAE92A3B516D00772FBE /* Manager */,
				B13DCAE82A3B433500772FBE /* Entities */,
				B13DCAE72A3B431D00772FBE /* Models */,
				B13DCACE2A3B41FD00772FBE /* CoreDataPetApp.swift */,
				B13DCAD92A3B41FE00772FBE /* CoreDataPet.xcdatamodeld */,
				B13DCAD42A3B41FE00772FBE /* Preview Content */,
			);
			path = CoreDataPet;
			sourceTree = "<group>";
		};
		B13DCAD42A3B41FE00772FBE /* Preview Content */ = {
			isa = PBXGroup;
			children = (
				B13DCAD52A3B41FE00772FBE /* Preview Assets.xcassets */,
			);
			path = "Preview Content";
			sourceTree = "<group>";
		};
		B13DCAE72A3B431D00772FBE /* Models */ = {
			isa = PBXGroup;
			children = (
				B160ED602A3CBE17008AC668 /* Pet+CoreDataClass.swift */,
				B160ED612A3CBE17008AC668 /* Pet+CoreDataProperties.swift */,
			);
			path = Models;
			sourceTree = "<group>";
		};
		B13DCAE82A3B433500772FBE /* Entities */ = {
			isa = PBXGroup;
			children = (
				B13DCAE52A3B42ED00772FBE /* Gender.swift */,
				B160ED5E2A3CBDEB008AC668 /* Specie.swift */,
			);
			path = Entities;
			sourceTree = "<group>";
		};
		B13DCAE92A3B516D00772FBE /* Manager */ = {
			isa = PBXGroup;
			children = (
				B13DCAEA2A3B518000772FBE /* CoreDataManager.swift */,
			);
			path = Manager;
			sourceTree = "<group>";
		};
		B15863B92A3BC76D00EB851E /* Views */ = {
			isa = PBXGroup;
			children = (
				B15863BB2A3BC7A500EB851E /* Shared */,
				B13DCAD02A3B41FD00772FBE /* ListView.swift */,
				B15863BE2A3BD3B300EB851E /* AddView.swift */,
				B160ED652A3CEF5D008AC668 /* InfoView.swift */,
				B160ED672A3CF0ED008AC668 /* EditView.swift */,
			);
			path = Views;
			sourceTree = "<group>";
		};
		B15863BA2A3BC77F00EB851E /* Resources */ = {
			isa = PBXGroup;
			children = (
				B13DCAD22A3B41FE00772FBE /* Assets.xcassets */,
			);
			path = Resources;
			sourceTree = "<group>";
		};
		B15863BB2A3BC7A500EB851E /* Shared */ = {
			isa = PBXGroup;
			children = (
				B15863BC2A3BC7B300EB851E /* ImagePicker.swift */,
			);
			path = Shared;
			sourceTree = "<group>";
		};
/* End PBXGroup section */

/* Begin PBXNativeTarget section */
		B13DCACA2A3B41FD00772FBE /* CoreDataKalango */ = {
			isa = PBXNativeTarget;
			buildConfigurationList = B13DCADE2A3B41FE00772FBE /* Build configuration list for PBXNativeTarget "CoreDataKalango" */;
			buildPhases = (
				B13DCAC72A3B41FD00772FBE /* Sources */,
				B13DCAC82A3B41FD00772FBE /* Frameworks */,
				B13DCAC92A3B41FD00772FBE /* Resources */,
			);
			buildRules = (
			);
			dependencies = (
			);
			name = CoreDataKalango;
			productName = CoreDataKalango;
			productReference = B13DCACB2A3B41FD00772FBE /* CoreDataKalango.app */;
			productType = "com.apple.product-type.application";
		};
/* End PBXNativeTarget section */

/* Begin PBXProject section */
		B13DCAC32A3B41FD00772FBE /* Project object */ = {
			isa = PBXProject;
			attributes = {
				BuildIndependentTargetsInParallel = 1;
				LastSwiftUpdateCheck = 1430;
				LastUpgradeCheck = 1430;
				TargetAttributes = {
					B13DCACA2A3B41FD00772FBE = {
						CreatedOnToolsVersion = 14.3;
					};
				};
			};
			buildConfigurationList = B13DCAC62A3B41FD00772FBE /* Build configuration list for PBXProject "CoreDataPet" */;
			compatibilityVersion = "Xcode 14.0";
			developmentRegion = en;
			hasScannedForEncodings = 0;
			knownRegions = (
				en,
				Base,
			);
			mainGroup = B13DCAC22A3B41FD00772FBE;
			productRefGroup = B13DCACC2A3B41FD00772FBE /* Products */;
			projectDirPath = "";
			projectRoot = "";
			targets = (
				B13DCACA2A3B41FD00772FBE /* CoreDataKalango */,
			);
		};
/* End PBXProject section */

/* Begin PBXResourcesBuildPhase section */
		B13DCAC92A3B41FD00772FBE /* Resources */ = {
			isa = PBXResourcesBuildPhase;
			buildActionMask = 2147483647;
			files = (
				B13DCAD62A3B41FE00772FBE /* Preview Assets.xcassets in Resources */,
				B13DCAD32A3B41FE00772FBE /* Assets.xcassets in Resources */,
			);
			runOnlyForDeploymentPostprocessing = 0;
		};
/* End PBXResourcesBuildPhase section */

/* Begin PBXSourcesBuildPhase section */
		B13DCAC72A3B41FD00772FBE /* Sources */ = {
			isa = PBXSourcesBuildPhase;
			buildActionMask = 2147483647;
			files = (
				B1249B9D2A3D1FB900B5CD08 /* EditViewModel.swift in Sources */,
				B13DCADB2A3B41FE00772FBE /* CoreDataPet.xcdatamodeld in Sources */,
				B160ED632A3CBE17008AC668 /* Pet+CoreDataProperties.swift in Sources */,
				B1249B992A3D1D4200B5CD08 /* AddViewModel.swift in Sources */,
				B15863BD2A3BC7B300EB851E /* ImagePicker.swift in Sources */,
				B160ED662A3CEF5D008AC668 /* InfoView.swift in Sources */,
				B1249B9B2A3D1F2200B5CD08 /* InfoViewModel.swift in Sources */,
				B13DCAD12A3B41FD00772FBE /* ListView.swift in Sources */,
				B13DCACF2A3B41FD00772FBE /* CoreDataPetApp.swift in Sources */,
				B160ED682A3CF0ED008AC668 /* EditView.swift in Sources */,
				B13DCAEB2A3B518000772FBE /* CoreDataManager.swift in Sources */,
				B160ED5F2A3CBDEB008AC668 /* Specie.swift in Sources */,
				B1249B972A3D19CB00B5CD08 /* ListViewModel.swift in Sources */,
				B15863BF2A3BD3B300EB851E /* AddView.swift in Sources */,
				B13DCAE62A3B42ED00772FBE /* Gender.swift in Sources */,
				B160ED622A3CBE17008AC668 /* Pet+CoreDataClass.swift in Sources */,
			);
			runOnlyForDeploymentPostprocessing = 0;
		};
/* End PBXSourcesBuildPhase section */

/* Begin XCBuildConfiguration section */
		B13DCADC2A3B41FE00772FBE /* Debug */ = {
			isa = XCBuildConfiguration;
			buildSettings = {
				ALWAYS_SEARCH_USER_PATHS = NO;
				CLANG_ANALYZER_NONNULL = YES;
				CLANG_ANALYZER_NUMBER_OBJECT_CONVERSION = YES_AGGRESSIVE;
				CLANG_CXX_LANGUAGE_STANDARD = "gnu++20";
				CLANG_ENABLE_MODULES = YES;
				CLANG_ENABLE_OBJC_ARC = YES;
				CLANG_ENABLE_OBJC_WEAK = YES;
				CLANG_WARN_BLOCK_CAPTURE_AUTORELEASING = YES;
				CLANG_WARN_BOOL_CONVERSION = YES;
				CLANG_WARN_COMMA = YES;
				CLANG_WARN_CONSTANT_CONVERSION = YES;
				CLANG_WARN_DEPRECATED_OBJC_IMPLEMENTATIONS = YES;
				CLANG_WARN_DIRECT_OBJC_ISA_USAGE = YES_ERROR;
				CLANG_WARN_DOCUMENTATION_COMMENTS = YES;
				CLANG_WARN_EMPTY_BODY = YES;
				CLANG_WARN_ENUM_CONVERSION = YES;
				CLANG_WARN_INFINITE_RECURSION = YES;
				CLANG_WARN_INT_CONVERSION = YES;
				CLANG_WARN_NON_LITERAL_NULL_CONVERSION = YES;
				CLANG_WARN_OBJC_IMPLICIT_RETAIN_SELF = YES;
				CLANG_WARN_OBJC_LITERAL_CONVERSION = YES;
				CLANG_WARN_OBJC_ROOT_CLASS = YES_ERROR;
				CLANG_WARN_QUOTED_INCLUDE_IN_FRAMEWORK_HEADER = YES;
				CLANG_WARN_RANGE_LOOP_ANALYSIS = YES;
				CLANG_WARN_STRICT_PROTOTYPES = YES;
				CLANG_WARN_SUSPICIOUS_MOVE = YES;
				CLANG_WARN_UNGUARDED_AVAILABILITY = YES_AGGRESSIVE;
				CLANG_WARN_UNREACHABLE_CODE = YES;
				CLANG_WARN__DUPLICATE_METHOD_MATCH = YES;
				COPY_PHASE_STRIP = NO;
				DEBUG_INFORMATION_FORMAT = dwarf;
				ENABLE_STRICT_OBJC_MSGSEND = YES;
				ENABLE_TESTABILITY = YES;
				GCC_C_LANGUAGE_STANDARD = gnu11;
				GCC_DYNAMIC_NO_PIC = NO;
				GCC_NO_COMMON_BLOCKS = YES;
				GCC_OPTIMIZATION_LEVEL = 0;
				GCC_PREPROCESSOR_DEFINITIONS = (
					"DEBUG=1",
					"$(inherited)",
				);
				GCC_WARN_64_TO_32_BIT_CONVERSION = YES;
				GCC_WARN_ABOUT_RETURN_TYPE = YES_ERROR;
				GCC_WARN_UNDECLARED_SELECTOR = YES;
				GCC_WARN_UNINITIALIZED_AUTOS = YES_AGGRESSIVE;
				GCC_WARN_UNUSED_FUNCTION = YES;
				GCC_WARN_UNUSED_VARIABLE = YES;
				IPHONEOS_DEPLOYMENT_TARGET = 16.4;
				MTL_ENABLE_DEBUG_INFO = INCLUDE_SOURCE;
				MTL_FAST_MATH = YES;
				ONLY_ACTIVE_ARCH = YES;
				SDKROOT = iphoneos;
				SWIFT_ACTIVE_COMPILATION_CONDITIONS = DEBUG;
				SWIFT_OPTIMIZATION_LEVEL = "-Onone";
			};
			name = Debug;
		};
		B13DCADD2A3B41FE00772FBE /* Release */ = {
			isa = XCBuildConfiguration;
			buildSettings = {
				ALWAYS_SEARCH_USER_PATHS = NO;
				CLANG_ANALYZER_NONNULL = YES;
				CLANG_ANALYZER_NUMBER_OBJECT_CONVERSION = YES_AGGRESSIVE;
				CLANG_CXX_LANGUAGE_STANDARD = "gnu++20";
				CLANG_ENABLE_MODULES = YES;
				CLANG_ENABLE_OBJC_ARC = YES;
				CLANG_ENABLE_OBJC_WEAK = YES;
				CLANG_WARN_BLOCK_CAPTURE_AUTORELEASING = YES;
				CLANG_WARN_BOOL_CONVERSION = YES;
				CLANG_WARN_COMMA = YES;
				CLANG_WARN_CONSTANT_CONVERSION = YES;
				CLANG_WARN_DEPRECATED_OBJC_IMPLEMENTATIONS = YES;
				CLANG_WARN_DIRECT_OBJC_ISA_USAGE = YES_ERROR;
				CLANG_WARN_DOCUMENTATION_COMMENTS = YES;
				CLANG_WARN_EMPTY_BODY = YES;
				CLANG_WARN_ENUM_CONVERSION = YES;
				CLANG_WARN_INFINITE_RECURSION = YES;
				CLANG_WARN_INT_CONVERSION = YES;
				CLANG_WARN_NON_LITERAL_NULL_CONVERSION = YES;
				CLANG_WARN_OBJC_IMPLICIT_RETAIN_SELF = YES;
				CLANG_WARN_OBJC_LITERAL_CONVERSION = YES;
				CLANG_WARN_OBJC_ROOT_CLASS = YES_ERROR;
				CLANG_WARN_QUOTED_INCLUDE_IN_FRAMEWORK_HEADER = YES;
				CLANG_WARN_RANGE_LOOP_ANALYSIS = YES;
				CLANG_WARN_STRICT_PROTOTYPES = YES;
				CLANG_WARN_SUSPICIOUS_MOVE = YES;
				CLANG_WARN_UNGUARDED_AVAILABILITY = YES_AGGRESSIVE;
				CLANG_WARN_UNREACHABLE_CODE = YES;
				CLANG_WARN__DUPLICATE_METHOD_MATCH = YES;
				COPY_PHASE_STRIP = NO;
				DEBUG_INFORMATION_FORMAT = "dwarf-with-dsym";
				ENABLE_NS_ASSERTIONS = NO;
				ENABLE_STRICT_OBJC_MSGSEND = YES;
				GCC_C_LANGUAGE_STANDARD = gnu11;
				GCC_NO_COMMON_BLOCKS = YES;
				GCC_WARN_64_TO_32_BIT_CONVERSION = YES;
				GCC_WARN_ABOUT_RETURN_TYPE = YES_ERROR;
				GCC_WARN_UNDECLARED_SELECTOR = YES;
				GCC_WARN_UNINITIALIZED_AUTOS = YES_AGGRESSIVE;
				GCC_WARN_UNUSED_FUNCTION = YES;
				GCC_WARN_UNUSED_VARIABLE = YES;
				IPHONEOS_DEPLOYMENT_TARGET = 16.4;
				MTL_ENABLE_DEBUG_INFO = NO;
				MTL_FAST_MATH = YES;
				SDKROOT = iphoneos;
				SWIFT_COMPILATION_MODE = wholemodule;
				SWIFT_OPTIMIZATION_LEVEL = "-O";
				VALIDATE_PRODUCT = YES;
			};
			name = Release;
		};
		B13DCADF2A3B41FE00772FBE /* Debug */ = {
			isa = XCBuildConfiguration;
			buildSettings = {
				ASSETCATALOG_COMPILER_APPICON_NAME = AppIcon;
				ASSETCATALOG_COMPILER_GLOBAL_ACCENT_COLOR_NAME = AccentColor;
				CODE_SIGN_STYLE = Automatic;
				CURRENT_PROJECT_VERSION = 1;
				DEVELOPMENT_ASSET_PATHS = "\"CoreDataPet/Preview Content\"";
				DEVELOPMENT_TEAM = DUY76YA587;
				ENABLE_PREVIEWS = YES;
				GENERATE_INFOPLIST_FILE = YES;
				INFOPLIST_KEY_UIApplicationSceneManifest_Generation = YES;
				INFOPLIST_KEY_UIApplicationSupportsIndirectInputEvents = YES;
				INFOPLIST_KEY_UILaunchScreen_Generation = YES;
				INFOPLIST_KEY_UISupportedInterfaceOrientations_iPad = "UIInterfaceOrientationPortrait UIInterfaceOrientationPortraitUpsideDown UIInterfaceOrientationLandscapeLeft UIInterfaceOrientationLandscapeRight";
				INFOPLIST_KEY_UISupportedInterfaceOrientations_iPhone = "UIInterfaceOrientationPortrait UIInterfaceOrientationLandscapeLeft UIInterfaceOrientationLandscapeRight";
				LD_RUNPATH_SEARCH_PATHS = (
					"$(inherited)",
					"@executable_path/Frameworks",
				);
				MARKETING_VERSION = 1.0;
				PRODUCT_BUNDLE_IDENTIFIER = AppleAcademy.CoreDataKalango;
				PRODUCT_NAME = "$(TARGET_NAME)";
				SWIFT_EMIT_LOC_STRINGS = YES;
				SWIFT_VERSION = 5.0;
				TARGETED_DEVICE_FAMILY = "1,2";
			};
			name = Debug;
		};
		B13DCAE02A3B41FE00772FBE /* Release */ = {
			isa = XCBuildConfiguration;
			buildSettings = {
				ASSETCATALOG_COMPILER_APPICON_NAME = AppIcon;
				ASSETCATALOG_COMPILER_GLOBAL_ACCENT_COLOR_NAME = AccentColor;
				CODE_SIGN_STYLE = Automatic;
				CURRENT_PROJECT_VERSION = 1;
				DEVELOPMENT_ASSET_PATHS = "\"CoreDataPet/Preview Content\"";
				DEVELOPMENT_TEAM = DUY76YA587;
				ENABLE_PREVIEWS = YES;
				GENERATE_INFOPLIST_FILE = YES;
				INFOPLIST_KEY_UIApplicationSceneManifest_Generation = YES;
				INFOPLIST_KEY_UIApplicationSupportsIndirectInputEvents = YES;
				INFOPLIST_KEY_UILaunchScreen_Generation = YES;
				INFOPLIST_KEY_UISupportedInterfaceOrientations_iPad = "UIInterfaceOrientationPortrait UIInterfaceOrientationPortraitUpsideDown UIInterfaceOrientationLandscapeLeft UIInterfaceOrientationLandscapeRight";
				INFOPLIST_KEY_UISupportedInterfaceOrientations_iPhone = "UIInterfaceOrientationPortrait UIInterfaceOrientationLandscapeLeft UIInterfaceOrientationLandscapeRight";
				LD_RUNPATH_SEARCH_PATHS = (
					"$(inherited)",
					"@executable_path/Frameworks",
				);
				MARKETING_VERSION = 1.0;
				PRODUCT_BUNDLE_IDENTIFIER = AppleAcademy.CoreDataKalango;
				PRODUCT_NAME = "$(TARGET_NAME)";
				SWIFT_EMIT_LOC_STRINGS = YES;
				SWIFT_VERSION = 5.0;
				TARGETED_DEVICE_FAMILY = "1,2";
			};
			name = Release;
		};
/* End XCBuildConfiguration section */

/* Begin XCConfigurationList section */
		B13DCAC62A3B41FD00772FBE /* Build configuration list for PBXProject "CoreDataPet" */ = {
			isa = XCConfigurationList;
			buildConfigurations = (
				B13DCADC2A3B41FE00772FBE /* Debug */,
				B13DCADD2A3B41FE00772FBE /* Release */,
			);
			defaultConfigurationIsVisible = 0;
			defaultConfigurationName = Release;
		};
		B13DCADE2A3B41FE00772FBE /* Build configuration list for PBXNativeTarget "CoreDataKalango" */ = {
			isa = XCConfigurationList;
			buildConfigurations = (
				B13DCADF2A3B41FE00772FBE /* Debug */,
				B13DCAE02A3B41FE00772FBE /* Release */,
			);
			defaultConfigurationIsVisible = 0;
			defaultConfigurationName = Release;
		};
/* End XCConfigurationList section */

/* Begin XCVersionGroup section */
		B13DCAD92A3B41FE00772FBE /* CoreDataPet.xcdatamodeld */ = {
			isa = XCVersionGroup;
			children = (
				B13DCADA2A3B41FE00772FBE /* CoreDataKalango.xcdatamodel */,
			);
			currentVersion = B13DCADA2A3B41FE00772FBE /* CoreDataKalango.xcdatamodel */;
			path = CoreDataPet.xcdatamodeld;
			sourceTree = "<group>";
			versionGroupType = wrapper.xcdatamodel;
		};
/* End XCVersionGroup section */
	};
	rootObject = B13DCAC32A3B41FD00772FBE /* Project object */;
}
